{
  "pins" : [
    {
      "identity" : "waktrainercoremodels",
      "kind" : "remoteSourceControl",
      "location" : "https://github.com/iosdevbyul/WakTrainerCoreModels",
      "state" : {
        "branch" : "main",
        "revision" : "6c3870c0de8ca18ae0138f3d6f225fa839817bc5"
      }
    }
  ],
  "version" : 2
}
