{
  "pins" : [
    {
      "identity" : "trislocationkit",
      "kind" : "remoteSourceControl",
      "location" : "https://github.com/iosdevbyul/TrisLocationKit",
      "state" : {
        "branch" : "main",
        "revision" : "f9e82cdbfd5e098f2ef1a98e961cd0f9420c13b4"
      }
    },
    {
      "identity" : "waktrainercoremodels",
      "kind" : "remoteSourceControl",
      "location" : "https://github.com/iosdevbyul/WakTrainerCoreModels",
      "state" : {
        "branch" : "main",
        "revision" : "1f6cadca746dbbf6d46d5dc4457c3fd925bd1506"
      }
    }
  ],
  "version" : 2
}
